<?xml version="1.0" encoding="utf-8"?>
<Project ToolsVersion="4.0" xmlns="http://schemas.microsoft.com/developer/msbuild/2003">
  <ItemGroup>
    <ClCompile Include="..\include\previewer_n\libs\core\Debug.cpp">
      <Filter>Previewer\libs\core</Filter>
    </ClCompile>
    <ClCompile Include="..\include\previewer_n\libs\core\FileLib.cpp">
      <Filter>Previewer\libs\core</Filter>
    </ClCompile>
    <ClCompile Include="..\include\previewer_n\libs\core\MathLib.cpp">
      <Filter>Previewer\libs\core</Filter>
    </ClCompile>
    <ClCompile Include="..\include\previewer_n\libs\core\Parameter.cpp">
      <Filter>Previewer\libs\core</Filter>
    </ClCompile>
    <ClCompile Include="..\include\previewer_n\libs\core\ParticleData.cpp">
      <Filter>Previewer\libs\core</Filter>
    </ClCompile>
    <ClCompile Include="..\include\previewer_n\libs\core\Utils.cpp">
      <Filter>Previewer\libs\core</Filter>
    </ClCompile>
    <ClCompile Include="..\..\cxxsupport\paramfile.cc">
      <Filter>Splotch\cxxsupport</Filter>
    </ClCompile>
    <ClCompile Include="..\..\cxxsupport\string_utils.cc">
      <Filter>Splotch\cxxsupport</Filter>
    </ClCompile>
    <ClCompile Include="..\..\cxxsupport\error_handling.cc">
      <Filter>Splotch\cxxsupport</Filter>
    </ClCompile>
    <ClCompile Include="..\..\cxxsupport\mpi_support.cc">
      <Filter>Splotch\cxxsupport</Filter>
    </ClCompile>
    <ClCompile Include="..\..\splotch\scenemaker.cc">
      <Filter>Splotch</Filter>
    </ClCompile>
    <ClCompile Include="..\..\splotch\splotchutils.cc">
      <Filter>Splotch</Filter>
    </ClCompile>
    <ClCompile Include="..\..\cxxsupport\walltimer.cc">
      <Filter>Splotch\cxxsupport</Filter>
    </ClCompile>
    <ClCompile Include="..\..\cxxsupport\announce.cc">
      <Filter>Splotch\cxxsupport</Filter>
    </ClCompile>
    <ClCompile Include="..\..\c_utils\walltime_c.c">
      <Filter>Splotch\c_utils</Filter>
    </ClCompile>
    <ClCompile Include="..\..\reader\ascii_reader.cc">
      <Filter>Splotch\reader</Filter>
    </ClCompile>
    <ClCompile Include="..\..\reader\bin_reader.cc">
      <Filter>Splotch\reader</Filter>
    </ClCompile>
    <ClCompile Include="..\..\reader\bin_reader_mpi.cc">
      <Filter>Splotch\reader</Filter>
    </ClCompile>
    <ClCompile Include="..\..\reader\bonsai_reader.cc">
      <Filter>Splotch\reader</Filter>
    </ClCompile>
    <ClCompile Include="..\..\reader\enzo_reader.cc">
      <Filter>Splotch\reader</Filter>
    </ClCompile>
    <ClCompile Include="..\..\reader\gadget_hdf5_reader.cc">
      <Filter>Splotch\reader</Filter>
    </ClCompile>
    <ClCompile Include="..\..\reader\gadget_reader.cc">
      <Filter>Splotch\reader</Filter>
    </ClCompile>
    <ClCompile Include="..\..\reader\h5part_reader.cc">
      <Filter>Splotch\reader</Filter>
    </ClCompile>
    <ClCompile Include="..\..\reader\hdf5_reader.cc">
      <Filter>Splotch\reader</Filter>
    </ClCompile>
    <ClCompile Include="..\..\reader\mesh_reader.cc">
      <Filter>Splotch\reader</Filter>
    </ClCompile>
    <ClCompile Include="..\..\reader\millenium_reader.cc">
      <Filter>Splotch\reader</Filter>
    </ClCompile>
    <ClCompile Include="..\..\reader\ramses_reader.cc">
      <Filter>Splotch\reader</Filter>
    </ClCompile>
    <ClCompile Include="..\..\reader\tipsy_reader.cc">
      <Filter>Splotch\reader</Filter>
    </ClCompile>
    <ClCompile Include="..\..\reader\visivo_reader.cc">
      <Filter>Splotch\reader</Filter>
    </ClCompile>
    <ClCompile Include="..\..\booster\m_rotation.cc">
      <Filter>Splotch\booster</Filter>
    </ClCompile>
    <ClCompile Include="..\..\booster\mesh_creator.cc">
      <Filter>Splotch\booster</Filter>
    </ClCompile>
    <ClCompile Include="..\..\booster\mesh_creator_vs1.cc">
      <Filter>Splotch\booster</Filter>
    </ClCompile>
    <ClCompile Include="..\..\booster\p_selector.cc">
      <Filter>Splotch\booster</Filter>
    </ClCompile>
    <ClCompile Include="..\..\booster\randomizer.cc">
      <Filter>Splotch\booster</Filter>
    </ClCompile>
    <ClCompile Include="..\..\kernel\transform.cxx">
      <Filter>Splotch\kernel</Filter>
    </ClCompile>
    <ClCompile Include="..\include\renderers\CinderRender.cpp">
      <Filter>CinderFiles</Filter>
    </ClCompile>
    <ClCompile Include="..\src\EntropyCinder64.cpp">
      <Filter>CinderFiles</Filter>
    </ClCompile>
    <ClCompile Include="..\include\previewer_n\application.cpp">
      <Filter>Previewer</Filter>
    </ClCompile>
  </ItemGroup>
  <ItemGroup>
    <ClInclude Include="..\include\Resources.h" />
    <ClInclude Include="..\include\previewer_n\libs\core\Debug.h">
      <Filter>Previewer\libs\core</Filter>
    </ClInclude>
    <ClInclude Include="..\include\previewer_n\libs\core\FileLib.h">
      <Filter>Previewer\libs\core</Filter>
    </ClInclude>
    <ClInclude Include="..\include\previewer_n\libs\core\MathLib.h">
      <Filter>Previewer\libs\core</Filter>
    </ClInclude>
    <ClInclude Include="..\include\previewer_n\libs\core\Parameter.h">
      <Filter>Previewer\libs\core</Filter>
    </ClInclude>
    <ClInclude Include="..\include\previewer_n\libs\core\Particle.h">
      <Filter>Previewer\libs\core</Filter>
    </ClInclude>
    <ClInclude Include="..\include\previewer_n\libs\core\ParticleData.h">
      <Filter>Previewer\libs\core</Filter>
    </ClInclude>
    <ClInclude Include="..\include\previewer_n\libs\core\Utils.h">
      <Filter>Previewer\libs\core</Filter>
    </ClInclude>
    <ClInclude Include="..\..\cxxsupport\paramfile.h">
      <Filter>Splotch\cxxsupport</Filter>
    </ClInclude>
    <ClInclude Include="..\..\cxxsupport\datatypes.h">
      <Filter>Splotch\cxxsupport</Filter>
    </ClInclude>
    <ClInclude Include="..\..\cxxsupport\string_utils.h">
      <Filter>Splotch\cxxsupport</Filter>
    </ClInclude>
    <ClInclude Include="..\..\cxxsupport\error_handling.h">
      <Filter>Splotch\cxxsupport</Filter>
    </ClInclude>
    <ClInclude Include="..\..\kernel\colourmap.h">
      <Filter>Splotch\kernel</Filter>
    </ClInclude>
    <ClInclude Include="..\..\cxxsupport\linear_map.h">
      <Filter>Splotch\cxxsupport</Filter>
    </ClInclude>
    <ClInclude Include="..\..\kernel\colour.h">
      <Filter>Splotch\kernel</Filter>
    </ClInclude>
    <ClInclude Include="..\..\cxxsupport\colour.h">
      <Filter>Splotch\cxxsupport</Filter>
    </ClInclude>
    <ClInclude Include="..\..\cxxsupport\math_utils.h">
      <Filter>Splotch\cxxsupport</Filter>
    </ClInclude>
    <ClInclude Include="..\..\cxxsupport\sort_utils.h">
      <Filter>Splotch\cxxsupport</Filter>
    </ClInclude>
    <ClInclude Include="..\..\cxxsupport\vec3.h">
      <Filter>Splotch\cxxsupport</Filter>
    </ClInclude>
    <ClInclude Include="..\..\splotch\scenemaker.h">
      <Filter>Splotch</Filter>
    </ClInclude>
    <ClInclude Include="..\..\splotch\splotchutils.h">
      <Filter>Splotch</Filter>
    </ClInclude>
    <ClInclude Include="..\..\cxxsupport\mpi_support.h">
      <Filter>Splotch\cxxsupport</Filter>
    </ClInclude>
    <ClInclude Include="..\..\cxxsupport\walltimer.h">
      <Filter>Splotch\cxxsupport</Filter>
    </ClInclude>
    <ClInclude Include="..\..\cxxsupport\arr.h">
      <Filter>Splotch\cxxsupport</Filter>
    </ClInclude>
    <ClInclude Include="..\..\cxxsupport\safe_cast.h">
      <Filter>Splotch\cxxsupport</Filter>
    </ClInclude>
    <ClInclude Include="..\..\cxxsupport\alloc_utils.h">
      <Filter>Splotch\cxxsupport</Filter>
    </ClInclude>
    <ClInclude Include="..\..\cxxsupport\share_utils.h">
      <Filter>Splotch\cxxsupport</Filter>
    </ClInclude>
    <ClInclude Include="..\..\cxxsupport\cxxutils.h">
      <Filter>Splotch\cxxsupport</Filter>
    </ClInclude>
    <ClInclude Include="..\..\cxxsupport\lsconstants.h">
      <Filter>Splotch\cxxsupport</Filter>
    </ClInclude>
    <ClInclude Include="..\..\cxxsupport\announce.h">
      <Filter>Splotch\cxxsupport</Filter>
    </ClInclude>
    <ClInclude Include="..\..\booster\mesh_vis.h">
      <Filter>Splotch\booster</Filter>
    </ClInclude>
    <ClInclude Include="..\..\cxxsupport\openmp_support.h">
      <Filter>Splotch\cxxsupport</Filter>
    </ClInclude>
    <ClInclude Include="..\..\c_utils\walltime_c.h">
      <Filter>Splotch\c_utils</Filter>
    </ClInclude>
    <ClInclude Include="..\..\reader\BonsaiIO.h">
      <Filter>Splotch\reader</Filter>
    </ClInclude>
    <ClInclude Include="..\..\reader\F90_UnformattedIO.h">
      <Filter>Splotch\reader</Filter>
    </ClInclude>
    <ClInclude Include="..\..\reader\ramses_helper_lib.h">
      <Filter>Splotch\reader</Filter>
    </ClInclude>
    <ClInclude Include="..\..\reader\reader.h">
      <Filter>Splotch\reader</Filter>
    </ClInclude>
    <ClInclude Include="..\..\cxxsupport\bstream.h">
      <Filter>Splotch\cxxsupport</Filter>
    </ClInclude>
    <ClInclude Include="..\..\kernel\transform.h">
      <Filter>Splotch\kernel</Filter>
    </ClInclude>
    <ClInclude Include="..\..\cxxsupport\sse_utils_cxx.h">
      <Filter>Splotch\cxxsupport</Filter>
    </ClInclude>
    <ClInclude Include="..\include\renderers\CinderRender.h">
      <Filter>CinderFiles</Filter>
    </ClInclude>
    <ClInclude Include="..\include\previewer_n\application.h">
      <Filter>Previewer</Filter>
    </ClInclude>
  </ItemGroup>
  <ItemGroup>
    <ResourceCompile Include="Resources.rc" />
  </ItemGroup>
  <ItemGroup>
    <Filter Include="Shaders">
      <UniqueIdentifier>{7d32f5bc-6fd5-4730-8028-d38c010c1a42}</UniqueIdentifier>
    </Filter>
    <Filter Include="CinderFiles">
      <UniqueIdentifier>{521e0d26-1ef9-4a18-b122-c4621790b5c7}</UniqueIdentifier>
    </Filter>
    <Filter Include="Previewer">
      <UniqueIdentifier>{210e18eb-7d57-470e-9495-e49791781c07}</UniqueIdentifier>
    </Filter>
    <Filter Include="Previewer\libs">
      <UniqueIdentifier>{5cf6cb46-2881-4c1e-9df2-06bd50b043ba}</UniqueIdentifier>
    </Filter>
    <Filter Include="Previewer\libs\core">
      <UniqueIdentifier>{85635e01-cd22-45db-b725-b5aca5564bcd}</UniqueIdentifier>
    </Filter>
    <Filter Include="Splotch">
      <UniqueIdentifier>{eb6512ea-49c8-4fa9-9119-64cec6db00f3}</UniqueIdentifier>
    </Filter>
    <Filter Include="Splotch\cxxsupport">
      <UniqueIdentifier>{4cf218b5-cad2-4a7e-adb7-8ea8e6e959dc}</UniqueIdentifier>
    </Filter>
    <Filter Include="Splotch\kernel">
      <UniqueIdentifier>{59597f37-6a7e-481b-b073-c51e3d7f54b0}</UniqueIdentifier>
    </Filter>
    <Filter Include="Splotch\booster">
      <UniqueIdentifier>{10324d43-043b-4319-bb67-b354e459b95e}</UniqueIdentifier>
    </Filter>
    <Filter Include="Splotch\c_utils">
      <UniqueIdentifier>{d1668ff5-b9b9-43e9-84ff-e9a7842a1fcc}</UniqueIdentifier>
    </Filter>
    <Filter Include="Splotch\reader">
      <UniqueIdentifier>{288709db-caa6-4237-bb5e-10c946c47269}</UniqueIdentifier>
    </Filter>
  </ItemGroup>
  <ItemGroup>
    <None Include="..\assets\blur.frag">
      <Filter>Shaders</Filter>
    </None>
    <None Include="..\assets\blur_pass.vert">
      <Filter>Shaders</Filter>
    </None>
    <None Include="..\assets\particles.frag">
      <Filter>Shaders</Filter>
    </None>
    <None Include="..\assets\particles.vert">
      <Filter>Shaders</Filter>
    </None>
    <None Include="..\..\reader\CreaInput_1.0.tcl">
      <Filter>Splotch\reader</Filter>
    </None>
    <None Include="ClassDiagram2.cd" />
  </ItemGroup>
</Project>